
Microsoft Visual Studio Solution File, Format Version 12.00
# Visual Studio Version 16
VisualStudioVersion = 16.0.31105.61
MinimumVisualStudioVersion = 10.0.40219.1
Project("{FAE04EC0-301F-11D3-BF4B-00C04F79EFBC}") = "Hahn.ApplicationProcess.February2021.Web", "Hahn.ApplicationProcess.February2021.Web\Hahn.ApplicationProcess.February2021.Web.csproj", "{F85A85D6-B0F1-4D20-9D02-A5EED9F74A41}"
EndProject
Global
	GlobalSection(SolutionConfigurationPlatforms) = preSolution
		Debug|Any CPU = Debug|Any CPU
		Release|Any CPU = Release|Any CPU
	EndGlobalSection
	GlobalSection(ProjectConfigurationPlatforms) = postSolution
		{F85A85D6-B0F1-4D20-9D02-A5EED9F74A41}.Debug|Any CPU.ActiveCfg = Debug|Any CPU
		{F85A85D6-B0F1-4D20-9D02-A5EED9F74A41}.Debug|Any CPU.Build.0 = Debug|Any CPU
		{F85A85D6-B0F1-4D20-9D02-A5EED9F74A41}.Release|Any CPU.ActiveCfg = Release|Any CPU
		{F85A85D6-B0F1-4D20-9D02-A5EED9F74A41}.Release|Any CPU.Build.0 = Release|Any CPU
	EndGlobalSection
	GlobalSection(SolutionProperties) = preSolution
		HideSolutionNode = FALSE
	EndGlobalSection
	GlobalSection(ExtensibilityGlobals) = postSolution
		SolutionGuid = {EBC58A8F-E555-4146-9654-7FAC403A0AFF}
	EndGlobalSection
EndGlobal
